
Microsoft Visual Studio Solution File, Format Version 12.00
Project("{FAE04EC0-301F-11D3-BF4B-00C04F79EFBC}") = "EasyFlex-api", "EasyFlex-api\EasyFlex-api.csproj", "{DD3735C9-697F-4356-9713-64F9D5B1E926}"
EndProject
Project("{FAE04EC0-301F-11D3-BF4B-00C04F79EFBC}") = "Logic", "Logic\Logic.csproj", "{395BB60E-6647-4A67-8E7E-745DCA36AB8B}"
EndProject
Project("{FAE04EC0-301F-11D3-BF4B-00C04F79EFBC}") = "DataAccess", "DataAccess\DataAccess.csproj", "{C6924286-4538-4C75-8540-910BCB7844C2}"
EndProject
Project("{FAE04EC0-301F-11D3-BF4B-00C04F79EFBC}") = "Interface", "Interface\Interface.csproj", "{602EA58D-0A0D-4240-A4C3-53A8CE17D0E6}"
EndProject
Project("{FAE04EC0-301F-11D3-BF4B-00C04F79EFBC}") = "Test", "Test\Test.csproj", "{14FF55D7-F837-4D8C-9A33-C4ADB3D576B6}"
EndProject
Global
	GlobalSection(SolutionConfigurationPlatforms) = preSolution
		Debug|Any CPU = Debug|Any CPU
		Release|Any CPU = Release|Any CPU
	EndGlobalSection
	GlobalSection(ProjectConfigurationPlatforms) = postSolution
		{DD3735C9-697F-4356-9713-64F9D5B1E926}.Debug|Any CPU.ActiveCfg = Debug|Any CPU
		{DD3735C9-697F-4356-9713-64F9D5B1E926}.Debug|Any CPU.Build.0 = Debug|Any CPU
		{DD3735C9-697F-4356-9713-64F9D5B1E926}.Release|Any CPU.ActiveCfg = Release|Any CPU
		{DD3735C9-697F-4356-9713-64F9D5B1E926}.Release|Any CPU.Build.0 = Release|Any CPU
		{395BB60E-6647-4A67-8E7E-745DCA36AB8B}.Debug|Any CPU.ActiveCfg = Debug|Any CPU
		{395BB60E-6647-4A67-8E7E-745DCA36AB8B}.Debug|Any CPU.Build.0 = Debug|Any CPU
		{395BB60E-6647-4A67-8E7E-745DCA36AB8B}.Release|Any CPU.ActiveCfg = Release|Any CPU
		{395BB60E-6647-4A67-8E7E-745DCA36AB8B}.Release|Any CPU.Build.0 = Release|Any CPU
		{C6924286-4538-4C75-8540-910BCB7844C2}.Debug|Any CPU.ActiveCfg = Debug|Any CPU
		{C6924286-4538-4C75-8540-910BCB7844C2}.Debug|Any CPU.Build.0 = Debug|Any CPU
		{C6924286-4538-4C75-8540-910BCB7844C2}.Release|Any CPU.ActiveCfg = Release|Any CPU
		{C6924286-4538-4C75-8540-910BCB7844C2}.Release|Any CPU.Build.0 = Release|Any CPU
		{602EA58D-0A0D-4240-A4C3-53A8CE17D0E6}.Debug|Any CPU.ActiveCfg = Debug|Any CPU
		{602EA58D-0A0D-4240-A4C3-53A8CE17D0E6}.Debug|Any CPU.Build.0 = Debug|Any CPU
		{602EA58D-0A0D-4240-A4C3-53A8CE17D0E6}.Release|Any CPU.ActiveCfg = Release|Any CPU
		{602EA58D-0A0D-4240-A4C3-53A8CE17D0E6}.Release|Any CPU.Build.0 = Release|Any CPU
		{14FF55D7-F837-4D8C-9A33-C4ADB3D576B6}.Debug|Any CPU.ActiveCfg = Debug|Any CPU
		{14FF55D7-F837-4D8C-9A33-C4ADB3D576B6}.Debug|Any CPU.Build.0 = Debug|Any CPU
		{14FF55D7-F837-4D8C-9A33-C4ADB3D576B6}.Release|Any CPU.ActiveCfg = Release|Any CPU
		{14FF55D7-F837-4D8C-9A33-C4ADB3D576B6}.Release|Any CPU.Build.0 = Release|Any CPU
	EndGlobalSection
EndGlobal
